// !$*UTF8*$!
{
	archiveVersion = 1;
	classes = {
	};
	objectVersion = 46;
	objects = {

/* Begin PBXBuildFile section */
		9EF1D8D9499C36E62027A9BD /* libPods-Get-Well.a in Frameworks */ = {isa = PBXBuildFile; fileRef = EAA6B6DA05362FFC39F7C7D0 /* libPods-Get-Well.a */; };
		AA845F371C3E1440008DE5BF /* AppDelegate.swift in Sources */ = {isa = PBXBuildFile; fileRef = AA845F361C3E1440008DE5BF /* AppDelegate.swift */; };
		AA845F391C3E1440008DE5BF /* ViewController.swift in Sources */ = {isa = PBXBuildFile; fileRef = AA845F381C3E1440008DE5BF /* ViewController.swift */; };
		AA845F3C1C3E1440008DE5BF /* Main.storyboard in Resources */ = {isa = PBXBuildFile; fileRef = AA845F3A1C3E1440008DE5BF /* Main.storyboard */; };
		AA845F3F1C3E1440008DE5BF /* Get_Well.xcdatamodeld in Sources */ = {isa = PBXBuildFile; fileRef = AA845F3D1C3E1440008DE5BF /* Get_Well.xcdatamodeld */; };
		AA845F411C3E1440008DE5BF /* Assets.xcassets in Resources */ = {isa = PBXBuildFile; fileRef = AA845F401C3E1440008DE5BF /* Assets.xcassets */; };
		AA845F441C3E1440008DE5BF /* LaunchScreen.storyboard in Resources */ = {isa = PBXBuildFile; fileRef = AA845F421C3E1440008DE5BF /* LaunchScreen.storyboard */; };
/* End PBXBuildFile section */

/* Begin PBXFileReference section */
		6919B7256A53350C8628EFFE /* Pods-Get-Well.debug.xcconfig */ = {isa = PBXFileReference; includeInIndex = 1; lastKnownFileType = text.xcconfig; name = "Pods-Get-Well.debug.xcconfig"; path = "Pods/Target Support Files/Pods-Get-Well/Pods-Get-Well.debug.xcconfig"; sourceTree = "<group>"; };
		AA845F331C3E1440008DE5BF /* Get-Well.app */ = {isa = PBXFileReference; explicitFileType = wrapper.application; includeInIndex = 0; path = "Get-Well.app"; sourceTree = BUILT_PRODUCTS_DIR; };
		AA845F361C3E1440008DE5BF /* AppDelegate.swift */ = {isa = PBXFileReference; lastKnownFileType = sourcecode.swift; path = AppDelegate.swift; sourceTree = "<group>"; };
		AA845F381C3E1440008DE5BF /* ViewController.swift */ = {isa = PBXFileReference; lastKnownFileType = sourcecode.swift; path = ViewController.swift; sourceTree = "<group>"; };
		AA845F3B1C3E1440008DE5BF /* Base */ = {isa = PBXFileReference; lastKnownFileType = file.storyboard; name = Base; path = Base.lproj/Main.storyboard; sourceTree = "<group>"; };
		AA845F3E1C3E1440008DE5BF /* Get_Well.xcdatamodel */ = {isa = PBXFileReference; lastKnownFileType = wrapper.xcdatamodel; path = Get_Well.xcdatamodel; sourceTree = "<group>"; };
		AA845F401C3E1440008DE5BF /* Assets.xcassets */ = {isa = PBXFileReference; lastKnownFileType = folder.assetcatalog; path = Assets.xcassets; sourceTree = "<group>"; };
		AA845F431C3E1440008DE5BF /* Base */ = {isa = PBXFileReference; lastKnownFileType = file.storyboard; name = Base; path = Base.lproj/LaunchScreen.storyboard; sourceTree = "<group>"; };
		AA845F451C3E1440008DE5BF /* Info.plist */ = {isa = PBXFileReference; lastKnownFileType = text.plist.xml; path = Info.plist; sourceTree = "<group>"; };
		AA845F4E1C3E1A84008DE5BF /* GetWell.Bridging.h */ = {isa = PBXFileReference; fileEncoding = 4; lastKnownFileType = sourcecode.c.h; path = GetWell.Bridging.h; sourceTree = "<group>"; };
		EAA6B6DA05362FFC39F7C7D0 /* libPods-Get-Well.a */ = {isa = PBXFileReference; explicitFileType = archive.ar; includeInIndex = 0; path = "libPods-Get-Well.a"; sourceTree = BUILT_PRODUCTS_DIR; };
		ECE9A23286F7A698E463B258 /* Pods-Get-Well.release.xcconfig */ = {isa = PBXFileReference; includeInIndex = 1; lastKnownFileType = text.xcconfig; name = "Pods-Get-Well.release.xcconfig"; path = "Pods/Target Support Files/Pods-Get-Well/Pods-Get-Well.release.xcconfig"; sourceTree = "<group>"; };
/* End PBXFileReference section */

/* Begin PBXFrameworksBuildPhase section */
		AA845F301C3E1440008DE5BF /* Frameworks */ = {
			isa = PBXFrameworksBuildPhase;
			buildActionMask = 2147483647;
			files = (
				9EF1D8D9499C36E62027A9BD /* libPods-Get-Well.a in Frameworks */,
			);
			runOnlyForDeploymentPostprocessing = 0;
		};
/* End PBXFrameworksBuildPhase section */

/* Begin PBXGroup section */
		49EA42FC476E6B8D3D152BDF /* Pods */ = {
			isa = PBXGroup;
			children = (
				6919B7256A53350C8628EFFE /* Pods-Get-Well.debug.xcconfig */,
				ECE9A23286F7A698E463B258 /* Pods-Get-Well.release.xcconfig */,
			);
			name = Pods;
			sourceTree = "<group>";
		};
		AA845F2A1C3E1440008DE5BF = {
			isa = PBXGroup;
			children = (
				AA845F351C3E1440008DE5BF /* Get-Well */,
				AA845F341C3E1440008DE5BF /* Products */,
				49EA42FC476E6B8D3D152BDF /* Pods */,
				DC1F7171F02AD8384E25F737 /* Frameworks */,
			);
			sourceTree = "<group>";
		};
		AA845F341C3E1440008DE5BF /* Products */ = {
			isa = PBXGroup;
			children = (
				AA845F331C3E1440008DE5BF /* Get-Well.app */,
			);
			name = Products;
			sourceTree = "<group>";
		};
		AA845F351C3E1440008DE5BF /* Get-Well */ = {
			isa = PBXGroup;
			children = (
				AA845F361C3E1440008DE5BF /* AppDelegate.swift */,
				AA845F381C3E1440008DE5BF /* ViewController.swift */,
				AA845F3A1C3E1440008DE5BF /* Main.storyboard */,
				AA845F401C3E1440008DE5BF /* Assets.xcassets */,
				AA845F421C3E1440008DE5BF /* LaunchScreen.storyboard */,
				AA845F451C3E1440008DE5BF /* Info.plist */,
				AA845F3D1C3E1440008DE5BF /* Get_Well.xcdatamodeld */,
				AA845F4E1C3E1A84008DE5BF /* GetWell.Bridging.h */,
			);
			path = "Get-Well";
			sourceTree = "<group>";
		};
		DC1F7171F02AD8384E25F737 /* Frameworks */ = {
			isa = PBXGroup;
			children = (
				EAA6B6DA05362FFC39F7C7D0 /* libPods-Get-Well.a */,
			);
			name = Frameworks;
			sourceTree = "<group>";
		};
/* End PBXGroup section */

/* Begin PBXNativeTarget section */
		AA845F321C3E1440008DE5BF /* Get-Well */ = {
			isa = PBXNativeTarget;
			buildConfigurationList = AA845F481C3E1440008DE5BF /* Build configuration list for PBXNativeTarget "Get-Well" */;
			buildPhases = (
				6E86D9A10538B2701A86051C /* Check Pods Manifest.lock */,
				AA845F2F1C3E1440008DE5BF /* Sources */,
				AA845F301C3E1440008DE5BF /* Frameworks */,
				AA845F311C3E1440008DE5BF /* Resources */,
				142085057A2BF161A373B04D /* Embed Pods Frameworks */,
				F9D59C941BF91FA4659AC48D /* Copy Pods Resources */,
			);
			buildRules = (
			);
			dependencies = (
			);
			name = "Get-Well";
			productName = "Get-Well";
			productReference = AA845F331C3E1440008DE5BF /* Get-Well.app */;
			productType = "com.apple.product-type.application";
		};
/* End PBXNativeTarget section */

/* Begin PBXProject section */
		AA845F2B1C3E1440008DE5BF /* Project object */ = {
			isa = PBXProject;
			attributes = {
				LastSwiftUpdateCheck = 0720;
				LastUpgradeCheck = 0720;
				ORGANIZATIONNAME = "The Iron Yard";
				TargetAttributes = {
					AA845F321C3E1440008DE5BF = {
						CreatedOnToolsVersion = 7.2;
						DevelopmentTeam = HM7AP2V9SS;
					};
				};
			};
			buildConfigurationList = AA845F2E1C3E1440008DE5BF /* Build configuration list for PBXProject "Get-Well" */;
			compatibilityVersion = "Xcode 3.2";
			developmentRegion = English;
			hasScannedForEncodings = 0;
			knownRegions = (
				en,
				Base,
			);
			mainGroup = AA845F2A1C3E1440008DE5BF;
			productRefGroup = AA845F341C3E1440008DE5BF /* Products */;
			projectDirPath = "";
			projectRoot = "";
			targets = (
				AA845F321C3E1440008DE5BF /* Get-Well */,
			);
		};
/* End PBXProject section */

/* Begin PBXResourcesBuildPhase section */
		AA845F311C3E1440008DE5BF /* Resources */ = {
			isa = PBXResourcesBuildPhase;
			buildActionMask = 2147483647;
			files = (
				AA845F441C3E1440008DE5BF /* LaunchScreen.storyboard in Resources */,
				AA845F411C3E1440008DE5BF /* Assets.xcassets in Resources */,
				AA845F3C1C3E1440008DE5BF /* Main.storyboard in Resources */,
			);
			runOnlyForDeploymentPostprocessing = 0;
		};
/* End PBXResourcesBuildPhase section */

/* Begin PBXShellScriptBuildPhase section */
		142085057A2BF161A373B04D /* Embed Pods Frameworks */ = {
			isa = PBXShellScriptBuildPhase;
			buildActionMask = 2147483647;
			files = (
			);
			inputPaths = (
			);
			name = "Embed Pods Frameworks";
			outputPaths = (
			);
			runOnlyForDeploymentPostprocessing = 0;
			shellPath = /bin/sh;
			shellScript = "\"${SRCROOT}/Pods/Target Support Files/Pods-Get-Well/Pods-Get-Well-frameworks.sh\"\n";
			showEnvVarsInLog = 0;
		};
		6E86D9A10538B2701A86051C /* Check Pods Manifest.lock */ = {
			isa = PBXShellScriptBuildPhase;
			buildActionMask = 2147483647;
			files = (
			);
			inputPaths = (
			);
			name = "Check Pods Manifest.lock";
			outputPaths = (
			);
			runOnlyForDeploymentPostprocessing = 0;
			shellPath = /bin/sh;
			shellScript = "diff \"${PODS_ROOT}/../Podfile.lock\" \"${PODS_ROOT}/Manifest.lock\" > /dev/null\nif [[ $? != 0 ]] ; then\n    cat << EOM\nerror: The sandbox is not in sync with the Podfile.lock. Run 'pod install' or update your CocoaPods installation.\nEOM\n    exit 1\nfi\n";
			showEnvVarsInLog = 0;
		};
		F9D59C941BF91FA4659AC48D /* Copy Pods Resources */ = {
			isa = PBXShellScriptBuildPhase;
			buildActionMask = 2147483647;
			files = (
			);
			inputPaths = (
			);
			name = "Copy Pods Resources";
			outputPaths = (
			);
			runOnlyForDeploymentPostprocessing = 0;
			shellPath = /bin/sh;
			shellScript = "\"${SRCROOT}/Pods/Target Support Files/Pods-Get-Well/Pods-Get-Well-resources.sh\"\n";
			showEnvVarsInLog = 0;
		};
/* End PBXShellScriptBuildPhase section */

/* Begin PBXSourcesBuildPhase section */
		AA845F2F1C3E1440008DE5BF /* Sources */ = {
			isa = PBXSourcesBuildPhase;
			buildActionMask = 2147483647;
			files = (
				AA845F391C3E1440008DE5BF /* ViewController.swift in Sources */,
				AA845F3F1C3E1440008DE5BF /* Get_Well.xcdatamodeld in Sources */,
				AA845F371C3E1440008DE5BF /* AppDelegate.swift in Sources */,
			);
			runOnlyForDeploymentPostprocessing = 0;
		};
/* End PBXSourcesBuildPhase section */

/* Begin PBXVariantGroup section */
		AA845F3A1C3E1440008DE5BF /* Main.storyboard */ = {
			isa = PBXVariantGroup;
			children = (
				AA845F3B1C3E1440008DE5BF /* Base */,
			);
			name = Main.storyboard;
			sourceTree = "<group>";
		};
		AA845F421C3E1440008DE5BF /* LaunchScreen.storyboard */ = {
			isa = PBXVariantGroup;
			children = (
				AA845F431C3E1440008DE5BF /* Base */,
			);
			name = LaunchScreen.storyboard;
			sourceTree = "<group>";
		};
/* End PBXVariantGroup section */

/* Begin XCBuildConfiguration section */
		AA845F461C3E1440008DE5BF /* Debug */ = {
			isa = XCBuildConfiguration;
			buildSettings = {
				ALWAYS_SEARCH_USER_PATHS = NO;
				CLANG_CXX_LANGUAGE_STANDARD = "gnu++0x";
				CLANG_CXX_LIBRARY = "libc++";
				CLANG_ENABLE_MODULES = YES;
				CLANG_ENABLE_OBJC_ARC = YES;
				CLANG_WARN_BOOL_CONVERSION = YES;
				CLANG_WARN_CONSTANT_CONVERSION = YES;
				CLANG_WARN_DIRECT_OBJC_ISA_USAGE = YES_ERROR;
				CLANG_WARN_EMPTY_BODY = YES;
				CLANG_WARN_ENUM_CONVERSION = YES;
				CLANG_WARN_INT_CONVERSION = YES;
				CLANG_WARN_OBJC_ROOT_CLASS = YES_ERROR;
				CLANG_WARN_UNREACHABLE_CODE = YES;
				CLANG_WARN__DUPLICATE_METHOD_MATCH = YES;
				"CODE_SIGN_IDENTITY[sdk=iphoneos*]" = "iPhone Developer";
				COPY_PHASE_STRIP = NO;
				DEBUG_INFORMATION_FORMAT = dwarf;
				ENABLE_STRICT_OBJC_MSGSEND = YES;
				ENABLE_TESTABILITY = YES;
				GCC_C_LANGUAGE_STANDARD = gnu99;
				GCC_DYNAMIC_NO_PIC = NO;
				GCC_NO_COMMON_BLOCKS = YES;
				GCC_OPTIMIZATION_LEVEL = 0;
				GCC_PREPROCESSOR_DEFINITIONS = (
					"DEBUG=1",
					"$(inherited)",
				);
				GCC_WARN_64_TO_32_BIT_CONVERSION = YES;
				GCC_WARN_ABOUT_RETURN_TYPE = YES_ERROR;
				GCC_WARN_UNDECLARED_SELECTOR = YES;
				GCC_WARN_UNINITIALIZED_AUTOS = YES_AGGRESSIVE;
				GCC_WARN_UNUSED_FUNCTION = YES;
				GCC_WARN_UNUSED_VARIABLE = YES;
				IPHONEOS_DEPLOYMENT_TARGET = 9.2;
				MTL_ENABLE_DEBUG_INFO = YES;
				ONLY_ACTIVE_ARCH = YES;
				SDKROOT = iphoneos;
				SWIFT_OPTIMIZATION_LEVEL = "-Onone";
			};
			name = Debug;
		};
		AA845F471C3E1440008DE5BF /* Release */ = {
			isa = XCBuildConfiguration;
			buildSettings = {
				ALWAYS_SEARCH_USER_PATHS = NO;
				CLANG_CXX_LANGUAGE_STANDARD = "gnu++0x";
				CLANG_CXX_LIBRARY = "libc++";
				CLANG_ENABLE_MODULES = YES;
				CLANG_ENABLE_OBJC_ARC = YES;
				CLANG_WARN_BOOL_CONVERSION = YES;
				CLANG_WARN_CONSTANT_CONVERSION = YES;
				CLANG_WARN_DIRECT_OBJC_ISA_USAGE = YES_ERROR;
				CLANG_WARN_EMPTY_BODY = YES;
				CLANG_WARN_ENUM_CONVERSION = YES;
				CLANG_WARN_INT_CONVERSION = YES;
				CLANG_WARN_OBJC_ROOT_CLASS = YES_ERROR;
				CLANG_WARN_UNREACHABLE_CODE = YES;
				CLANG_WARN__DUPLICATE_METHOD_MATCH = YES;
				"CODE_SIGN_IDENTITY[sdk=iphoneos*]" = "iPhone Developer";
				COPY_PHASE_STRIP = NO;
				DEBUG_INFORMATION_FORMAT = "dwarf-with-dsym";
				ENABLE_NS_ASSERTIONS = NO;
				ENABLE_STRICT_OBJC_MSGSEND = YES;
				GCC_C_LANGUAGE_STANDARD = gnu99;
				GCC_NO_COMMON_BLOCKS = YES;
				GCC_WARN_64_TO_32_BIT_CONVERSION = YES;
				GCC_WARN_ABOUT_RETURN_TYPE = YES_ERROR;
				GCC_WARN_UNDECLARED_SELECTOR = YES;
				GCC_WARN_UNINITIALIZED_AUTOS = YES_AGGRESSIVE;
				GCC_WARN_UNUSED_FUNCTION = YES;
				GCC_WARN_UNUSED_VARIABLE = YES;
				IPHONEOS_DEPLOYMENT_TARGET = 9.2;
				MTL_ENABLE_DEBUG_INFO = NO;
				SDKROOT = iphoneos;
				VALIDATE_PRODUCT = YES;
			};
			name = Release;
		};
		AA845F491C3E1440008DE5BF /* Debug */ = {
			isa = XCBuildConfiguration;
			baseConfigurationReference = 6919B7256A53350C8628EFFE /* Pods-Get-Well.debug.xcconfig */;
			buildSettings = {
				ASSETCATALOG_COMPILER_APPICON_NAME = AppIcon;
				CLANG_ENABLE_MODULES = YES;
				INFOPLIST_FILE = "Get-Well/Info.plist";
				LD_RUNPATH_SEARCH_PATHS = "$(inherited) @executable_path/Frameworks";
				PRODUCT_BUNDLE_IDENTIFIER = "com.tiy.Get-Well";
				PRODUCT_NAME = "$(TARGET_NAME)";
				SWIFT_OBJC_BRIDGING_HEADER = "Get-Well/Get-Well-Bridging-Header.h";
				SWIFT_OPTIMIZATION_LEVEL = "-Onone";
			};
			name = Debug;
		};
		AA845F4A1C3E1440008DE5BF /* Release */ = {
			isa = XCBuildConfiguration;
			baseConfigurationReference = ECE9A23286F7A698E463B258 /* Pods-Get-Well.release.xcconfig */;
			buildSettings = {
				ASSETCATALOG_COMPILER_APPICON_NAME = AppIcon;
				CLANG_ENABLE_MODULES = YES;
				INFOPLIST_FILE = "Get-Well/Info.plist";
				LD_RUNPATH_SEARCH_PATHS = "$(inherited) @executable_path/Frameworks";
				PRODUCT_BUNDLE_IDENTIFIER = "com.tiy.Get-Well";
				PRODUCT_NAME = "$(TARGET_NAME)";
				SWIFT_OBJC_BRIDGING_HEADER = "Get-Well/Get-Well-Bridging-Header.h";
			};
			name = Release;
		};
/* End XCBuildConfiguration section */

/* Begin XCConfigurationList section */
		AA845F2E1C3E1440008DE5BF /* Build configuration list for PBXProject "Get-Well" */ = {
			isa = XCConfigurationList;
			buildConfigurations = (
				AA845F461C3E1440008DE5BF /* Debug */,
				AA845F471C3E1440008DE5BF /* Release */,
			);
			defaultConfigurationIsVisible = 0;
			defaultConfigurationName = Release;
		};
		AA845F481C3E1440008DE5BF /* Build configuration list for PBXNativeTarget "Get-Well" */ = {
			isa = XCConfigurationList;
			buildConfigurations = (
				AA845F491C3E1440008DE5BF /* Debug */,
				AA845F4A1C3E1440008DE5BF /* Release */,
			);
			defaultConfigurationIsVisible = 0;
			defaultConfigurationName = Release;
		};
/* End XCConfigurationList section */

/* Begin XCVersionGroup section */
		AA845F3D1C3E1440008DE5BF /* Get_Well.xcdatamodeld */ = {
			isa = XCVersionGroup;
			children = (
				AA845F3E1C3E1440008DE5BF /* Get_Well.xcdatamodel */,
			);
			currentVersion = AA845F3E1C3E1440008DE5BF /* Get_Well.xcdatamodel */;
			path = Get_Well.xcdatamodeld;
			sourceTree = "<group>";
			versionGroupType = wrapper.xcdatamodel;
		};
/* End XCVersionGroup section */
	};
	rootObject = AA845F2B1C3E1440008DE5BF /* Project object */;
}
